// !$*UTF8*$!
{
	archiveVersion = 1;
	classes = {
	};
	objectVersion = 56;
	objects = {

/* Begin PBXBuildFile section */
		5358125D2EFE47430004F54D /* UnitTestDemoApp.swift in Sources */ = {isa = PBXBuildFile; fileRef = 5358125C2EFE47430004F54D /* UnitTestDemoApp.swift */; };
		5358125F2EFE47430004F54D /* ContentView.swift in Sources */ = {isa = PBXBuildFile; fileRef = 5358125E2EFE47430004F54D /* ContentView.swift */; };
		535812612EFE47440004F54D /* Assets.xcassets in Resources */ = {isa = PBXBuildFile; fileRef = 535812602EFE47440004F54D /* Assets.xcassets */; };
		535812642EFE47440004F54D /* Preview Assets.xcassets in Resources */ = {isa = PBXBuildFile; fileRef = 535812632EFE47440004F54D /* Preview Assets.xcassets */; };
		5358126F2EFE47440004F54D /* UnitTestDemoTests.swift in Sources */ = {isa = PBXBuildFile; fileRef = 5358126E2EFE47440004F54D /* UnitTestDemoTests.swift */; };
		535812792EFE47440004F54D /* UnitTestDemoUITests.swift in Sources */ = {isa = PBXBuildFile; fileRef = 535812782EFE47440004F54D /* UnitTestDemoUITests.swift */; };
		5358127B2EFE47440004F54D /* UnitTestDemoUITestsLaunchTests.swift in Sources */ = {isa = PBXBuildFile; fileRef = 5358127A2EFE47440004F54D /* UnitTestDemoUITestsLaunchTests.swift */; };
		535812882EFE47AE0004F54D /* Calculator.swift in Sources */ = {isa = PBXBuildFile; fileRef = 535812872EFE47AE0004F54D /* Calculator.swift */; };
/* End PBXBuildFile section */

/* Begin PBXContainerItemProxy section */
		5358126B2EFE47440004F54D /* PBXContainerItemProxy */ = {
			isa = PBXContainerItemProxy;
			containerPortal = 535812512EFE47430004F54D /* Project object */;
			proxyType = 1;
			remoteGlobalIDString = 535812582EFE47430004F54D;
			remoteInfo = UnitTestDemo;
		};
		535812752EFE47440004F54D /* PBXContainerItemProxy */ = {
			isa = PBXContainerItemProxy;
			containerPortal = 535812512EFE47430004F54D /* Project object */;
			proxyType = 1;
			remoteGlobalIDString = 535812582EFE47430004F54D;
			remoteInfo = UnitTestDemo;
		};
/* End PBXContainerItemProxy section */

/* Begin PBXFileReference section */
		535812592EFE47430004F54D /* UnitTestDemo.app */ = {isa = PBXFileReference; explicitFileType = wrapper.application; includeInIndex = 0; path = UnitTestDemo.app; sourceTree = BUILT_PRODUCTS_DIR; };
		5358125C2EFE47430004F54D /* UnitTestDemoApp.swift */ = {isa = PBXFileReference; lastKnownFileType = sourcecode.swift; path = UnitTestDemoApp.swift; sourceTree = "<group>"; };
		5358125E2EFE47430004F54D /* ContentView.swift */ = {isa = PBXFileReference; lastKnownFileType = sourcecode.swift; path = ContentView.swift; sourceTree = "<group>"; };
		535812602EFE47440004F54D /* Assets.xcassets */ = {isa = PBXFileReference; lastKnownFileType = folder.assetcatalog; path = Assets.xcassets; sourceTree = "<group>"; };
		535812632EFE47440004F54D /* Preview Assets.xcassets */ = {isa = PBXFileReference; lastKnownFileType = folder.assetcatalog; path = "Preview Assets.xcassets"; sourceTree = "<group>"; };
		535812652EFE47440004F54D /* UnitTestDemo.entitlements */ = {isa = PBXFileReference; lastKnownFileType = text.plist.entitlements; path = UnitTestDemo.entitlements; sourceTree = "<group>"; };
		5358126A2EFE47440004F54D /* UnitTestDemoTests.xctest */ = {isa = PBXFileReference; explicitFileType = wrapper.cfbundle; includeInIndex = 0; path = UnitTestDemoTests.xctest; sourceTree = BUILT_PRODUCTS_DIR; };
		5358126E2EFE47440004F54D /* UnitTestDemoTests.swift */ = {isa = PBXFileReference; lastKnownFileType = sourcecode.swift; path = UnitTestDemoTests.swift; sourceTree = "<group>"; };
		535812742EFE47440004F54D /* UnitTestDemoUITests.xctest */ = {isa = PBXFileReference; explicitFileType = wrapper.cfbundle; includeInIndex = 0; path = UnitTestDemoUITests.xctest; sourceTree = BUILT_PRODUCTS_DIR; };
		535812782EFE47440004F54D /* UnitTestDemoUITests.swift */ = {isa = PBXFileReference; lastKnownFileType = sourcecode.swift; path = UnitTestDemoUITests.swift; sourceTree = "<group>"; };
		5358127A2EFE47440004F54D /* UnitTestDemoUITestsLaunchTests.swift */ = {isa = PBXFileReference; lastKnownFileType = sourcecode.swift; path = UnitTestDemoUITestsLaunchTests.swift; sourceTree = "<group>"; };
		535812872EFE47AE0004F54D /* Calculator.swift */ = {isa = PBXFileReference; lastKnownFileType = sourcecode.swift; path = Calculator.swift; sourceTree = "<group>"; };
/* End PBXFileReference section */

/* Begin PBXFrameworksBuildPhase section */
		535812562EFE47430004F54D /* Frameworks */ = {
			isa = PBXFrameworksBuildPhase;
			buildActionMask = 2147483647;
			files = (
			);
			runOnlyForDeploymentPostprocessing = 0;
		};
		535812672EFE47440004F54D /* Frameworks */ = {
			isa = PBXFrameworksBuildPhase;
			buildActionMask = 2147483647;
			files = (
			);
			runOnlyForDeploymentPostprocessing = 0;
		};
		535812712EFE47440004F54D /* Frameworks */ = {
			isa = PBXFrameworksBuildPhase;
			buildActionMask = 2147483647;
			files = (
			);
			runOnlyForDeploymentPostprocessing = 0;
		};
/* End PBXFrameworksBuildPhase section */

/* Begin PBXGroup section */
		535812502EFE47430004F54D = {
			isa = PBXGroup;
			children = (
				5358125B2EFE47430004F54D /* UnitTestDemo */,
				5358126D2EFE47440004F54D /* UnitTestDemoTests */,
				535812772EFE47440004F54D /* UnitTestDemoUITests */,
				5358125A2EFE47430004F54D /* Products */,
			);
			sourceTree = "<group>";
		};
		5358125A2EFE47430004F54D /* Products */ = {
			isa = PBXGroup;
			children = (
				535812592EFE47430004F54D /* UnitTestDemo.app */,
				5358126A2EFE47440004F54D /* UnitTestDemoTests.xctest */,
				535812742EFE47440004F54D /* UnitTestDemoUITests.xctest */,
			);
			name = Products;
			sourceTree = "<group>";
		};
		5358125B2EFE47430004F54D /* UnitTestDemo */ = {
			isa = PBXGroup;
			children = (
				5358125C2EFE47430004F54D /* UnitTestDemoApp.swift */,
				5358125E2EFE47430004F54D /* ContentView.swift */,
				535812602EFE47440004F54D /* Assets.xcassets */,
				535812652EFE47440004F54D /* UnitTestDemo.entitlements */,
				535812622EFE47440004F54D /* Preview Content */,
				535812872EFE47AE0004F54D /* Calculator.swift */,
			);
			path = UnitTestDemo;
			sourceTree = "<group>";
		};
		535812622EFE47440004F54D /* Preview Content */ = {
			isa = PBXGroup;
			children = (
				535812632EFE47440004F54D /* Preview Assets.xcassets */,
			);
			path = "Preview Content";
			sourceTree = "<group>";
		};
		5358126D2EFE47440004F54D /* UnitTestDemoTests */ = {
			isa = PBXGroup;
			children = (
				5358126E2EFE47440004F54D /* UnitTestDemoTests.swift */,
			);
			path = UnitTestDemoTests;
			sourceTree = "<group>";
		};
		535812772EFE47440004F54D /* UnitTestDemoUITests */ = {
			isa = PBXGroup;
			children = (
				535812782EFE47440004F54D /* UnitTestDemoUITests.swift */,
				5358127A2EFE47440004F54D /* UnitTestDemoUITestsLaunchTests.swift */,
			);
			path = UnitTestDemoUITests;
			sourceTree = "<group>";
		};
/* End PBXGroup section */

/* Begin PBXNativeTarget section */
		535812582EFE47430004F54D /* UnitTestDemo */ = {
			isa = PBXNativeTarget;
			buildConfigurationList = 5358127E2EFE47440004F54D /* Build configuration list for PBXNativeTarget "UnitTestDemo" */;
			buildPhases = (
				535812552EFE47430004F54D /* Sources */,
				535812562EFE47430004F54D /* Frameworks */,
				535812572EFE47430004F54D /* Resources */,
			);
			buildRules = (
			);
			dependencies = (
			);
			name = UnitTestDemo;
			productName = UnitTestDemo;
			productReference = 535812592EFE47430004F54D /* UnitTestDemo.app */;
			productType = "com.apple.product-type.application";
		};
		535812692EFE47440004F54D /* UnitTestDemoTests */ = {
			isa = PBXNativeTarget;
			buildConfigurationList = 535812812EFE47440004F54D /* Build configuration list for PBXNativeTarget "UnitTestDemoTests" */;
			buildPhases = (
				535812662EFE47440004F54D /* Sources */,
				535812672EFE47440004F54D /* Frameworks */,
				535812682EFE47440004F54D /* Resources */,
			);
			buildRules = (
			);
			dependencies = (
				5358126C2EFE47440004F54D /* PBXTargetDependency */,
			);
			name = UnitTestDemoTests;
			productName = UnitTestDemoTests;
			productReference = 5358126A2EFE47440004F54D /* UnitTestDemoTests.xctest */;
			productType = "com.apple.product-type.bundle.unit-test";
		};
		535812732EFE47440004F54D /* UnitTestDemoUITests */ = {
			isa = PBXNativeTarget;
			buildConfigurationList = 535812842EFE47440004F54D /* Build configuration list for PBXNativeTarget "UnitTestDemoUITests" */;
			buildPhases = (
				535812702EFE47440004F54D /* Sources */,
				535812712EFE47440004F54D /* Frameworks */,
				535812722EFE47440004F54D /* Resources */,
			);
			buildRules = (
			);
			dependencies = (
				535812762EFE47440004F54D /* PBXTargetDependency */,
			);
			name = UnitTestDemoUITests;
			productName = UnitTestDemoUITests;
			productReference = 535812742EFE47440004F54D /* UnitTestDemoUITests.xctest */;
			productType = "com.apple.product-type.bundle.ui-testing";
		};
/* End PBXNativeTarget section */

/* Begin PBXProject section */
		535812512EFE47430004F54D /* Project object */ = {
			isa = PBXProject;
			attributes = {
				BuildIndependentTargetsInParallel = 1;
				LastSwiftUpdateCheck = 1410;
				LastUpgradeCheck = 1410;
				TargetAttributes = {
					535812582EFE47430004F54D = {
						CreatedOnToolsVersion = 14.1;
					};
					535812692EFE47440004F54D = {
						CreatedOnToolsVersion = 14.1;
						TestTargetID = 535812582EFE47430004F54D;
					};
					535812732EFE47440004F54D = {
						CreatedOnToolsVersion = 14.1;
						TestTargetID = 535812582EFE47430004F54D;
					};
				};
			};
			buildConfigurationList = 535812542EFE47430004F54D /* Build configuration list for PBXProject "UnitTestDemo" */;
			compatibilityVersion = "Xcode 14.0";
			developmentRegion = en;
			hasScannedForEncodings = 0;
			knownRegions = (
				en,
				Base,
			);
			mainGroup = 535812502EFE47430004F54D;
			productRefGroup = 5358125A2EFE47430004F54D /* Products */;
			projectDirPath = "";
			projectRoot = "";
			targets = (
				535812582EFE47430004F54D /* UnitTestDemo */,
				535812692EFE47440004F54D /* UnitTestDemoTests */,
				535812732EFE47440004F54D /* UnitTestDemoUITests */,
			);
		};
/* End PBXProject section */

/* Begin PBXResourcesBuildPhase section */
		535812572EFE47430004F54D /* Resources */ = {
			isa = PBXResourcesBuildPhase;
			buildActionMask = 2147483647;
			files = (
				535812642EFE47440004F54D /* Preview Assets.xcassets in Resources */,
				535812612EFE47440004F54D /* Assets.xcassets in Resources */,
			);
			runOnlyForDeploymentPostprocessing = 0;
		};
		535812682EFE47440004F54D /* Resources */ = {
			isa = PBXResourcesBuildPhase;
			buildActionMask = 2147483647;
			files = (
			);
			runOnlyForDeploymentPostprocessing = 0;
		};
		535812722EFE47440004F54D /* Resources */ = {
			isa = PBXResourcesBuildPhase;
			buildActionMask = 2147483647;
			files = (
			);
			runOnlyForDeploymentPostprocessing = 0;
		};
/* End PBXResourcesBuildPhase section */

/* Begin PBXSourcesBuildPhase section */
		535812552EFE47430004F54D /* Sources */ = {
			isa = PBXSourcesBuildPhase;
			buildActionMask = 2147483647;
			files = (
				5358125F2EFE47430004F54D /* ContentView.swift in Sources */,
				5358125D2EFE47430004F54D /* UnitTestDemoApp.swift in Sources */,
				535812882EFE47AE0004F54D /* Calculator.swift in Sources */,
			);
			runOnlyForDeploymentPostprocessing = 0;
		};
		535812662EFE47440004F54D /* Sources */ = {
			isa = PBXSourcesBuildPhase;
			buildActionMask = 2147483647;
			files = (
				5358126F2EFE47440004F54D /* UnitTestDemoTests.swift in Sources */,
			);
			runOnlyForDeploymentPostprocessing = 0;
		};
		535812702EFE47440004F54D /* Sources */ = {
			isa = PBXSourcesBuildPhase;
			buildActionMask = 2147483647;
			files = (
				535812792EFE47440004F54D /* UnitTestDemoUITests.swift in Sources */,
				5358127B2EFE47440004F54D /* UnitTestDemoUITestsLaunchTests.swift in Sources */,
			);
			runOnlyForDeploymentPostprocessing = 0;
		};
/* End PBXSourcesBuildPhase section */

/* Begin PBXTargetDependency section */
		5358126C2EFE47440004F54D /* PBXTargetDependency */ = {
			isa = PBXTargetDependency;
			target = 535812582EFE47430004F54D /* UnitTestDemo */;
			targetProxy = 5358126B2EFE47440004F54D /* PBXContainerItemProxy */;
		};
		535812762EFE47440004F54D /* PBXTargetDependency */ = {
			isa = PBXTargetDependency;
			target = 535812582EFE47430004F54D /* UnitTestDemo */;
			targetProxy = 535812752EFE47440004F54D /* PBXContainerItemProxy */;
		};
/* End PBXTargetDependency section */

/* Begin XCBuildConfiguration section */
		5358127C2EFE47440004F54D /* Debug */ = {
			isa = XCBuildConfiguration;
			buildSettings = {
				ALWAYS_SEARCH_USER_PATHS = NO;
				CLANG_ANALYZER_NONNULL = YES;
				CLANG_ANALYZER_NUMBER_OBJECT_CONVERSION = YES_AGGRESSIVE;
				CLANG_CXX_LANGUAGE_STANDARD = "gnu++20";
				CLANG_ENABLE_MODULES = YES;
				CLANG_ENABLE_OBJC_ARC = YES;
				CLANG_ENABLE_OBJC_WEAK = YES;
				CLANG_WARN_BLOCK_CAPTURE_AUTORELEASING = YES;
				CLANG_WARN_BOOL_CONVERSION = YES;
				CLANG_WARN_COMMA = YES;
				CLANG_WARN_CONSTANT_CONVERSION = YES;
				CLANG_WARN_DEPRECATED_OBJC_IMPLEMENTATIONS = YES;
				CLANG_WARN_DIRECT_OBJC_ISA_USAGE = YES_ERROR;
				CLANG_WARN_DOCUMENTATION_COMMENTS = YES;
				CLANG_WARN_EMPTY_BODY = YES;
				CLANG_WARN_ENUM_CONVERSION = YES;
				CLANG_WARN_INFINITE_RECURSION = YES;
				CLANG_WARN_INT_CONVERSION = YES;
				CLANG_WARN_NON_LITERAL_NULL_CONVERSION = YES;
				CLANG_WARN_OBJC_IMPLICIT_RETAIN_SELF = YES;
				CLANG_WARN_OBJC_LITERAL_CONVERSION = YES;
				CLANG_WARN_OBJC_ROOT_CLASS = YES_ERROR;
				CLANG_WARN_QUOTED_INCLUDE_IN_FRAMEWORK_HEADER = YES;
				CLANG_WARN_RANGE_LOOP_ANALYSIS = YES;
				CLANG_WARN_STRICT_PROTOTYPES = YES;
				CLANG_WARN_SUSPICIOUS_MOVE = YES;
				CLANG_WARN_UNGUARDED_AVAILABILITY = YES_AGGRESSIVE;
				CLANG_WARN_UNREACHABLE_CODE = YES;
				CLANG_WARN__DUPLICATE_METHOD_MATCH = YES;
				COPY_PHASE_STRIP = NO;
				DEBUG_INFORMATION_FORMAT = dwarf;
				ENABLE_STRICT_OBJC_MSGSEND = YES;
				ENABLE_TESTABILITY = YES;
				GCC_C_LANGUAGE_STANDARD = gnu11;
				GCC_DYNAMIC_NO_PIC = NO;
				GCC_NO_COMMON_BLOCKS = YES;
				GCC_OPTIMIZATION_LEVEL = 0;
				GCC_PREPROCESSOR_DEFINITIONS = (
					"DEBUG=1",
					"$(inherited)",
				);
				GCC_WARN_64_TO_32_BIT_CONVERSION = YES;
				GCC_WARN_ABOUT_RETURN_TYPE = YES_ERROR;
				GCC_WARN_UNDECLARED_SELECTOR = YES;
				GCC_WARN_UNINITIALIZED_AUTOS = YES_AGGRESSIVE;
				GCC_WARN_UNUSED_FUNCTION = YES;
				GCC_WARN_UNUSED_VARIABLE = YES;
				MACOSX_DEPLOYMENT_TARGET = 13.0;
				MTL_ENABLE_DEBUG_INFO = INCLUDE_SOURCE;
				MTL_FAST_MATH = YES;
				ONLY_ACTIVE_ARCH = YES;
				SDKROOT = macosx;
				SWIFT_ACTIVE_COMPILATION_CONDITIONS = DEBUG;
				SWIFT_OPTIMIZATION_LEVEL = "-Onone";
			};
			name = Debug;
		};
		5358127D2EFE47440004F54D /* Release */ = {
			isa = XCBuildConfiguration;
			buildSettings = {
				ALWAYS_SEARCH_USER_PATHS = NO;
				CLANG_ANALYZER_NONNULL = YES;
				CLANG_ANALYZER_NUMBER_OBJECT_CONVERSION = YES_AGGRESSIVE;
				CLANG_CXX_LANGUAGE_STANDARD = "gnu++20";
				CLANG_ENABLE_MODULES = YES;
				CLANG_ENABLE_OBJC_ARC = YES;
				CLANG_ENABLE_OBJC_WEAK = YES;
				CLANG_WARN_BLOCK_CAPTURE_AUTORELEASING = YES;
				CLANG_WARN_BOOL_CONVERSION = YES;
				CLANG_WARN_COMMA = YES;
				CLANG_WARN_CONSTANT_CONVERSION = YES;
				CLANG_WARN_DEPRECATED_OBJC_IMPLEMENTATIONS = YES;
				CLANG_WARN_DIRECT_OBJC_ISA_USAGE = YES_ERROR;
				CLANG_WARN_DOCUMENTATION_COMMENTS = YES;
				CLANG_WARN_EMPTY_BODY = YES;
				CLANG_WARN_ENUM_CONVERSION = YES;
				CLANG_WARN_INFINITE_RECURSION = YES;
				CLANG_WARN_INT_CONVERSION = YES;
				CLANG_WARN_NON_LITERAL_NULL_CONVERSION = YES;
				CLANG_WARN_OBJC_IMPLICIT_RETAIN_SELF = YES;
				CLANG_WARN_OBJC_LITERAL_CONVERSION = YES;
				CLANG_WARN_OBJC_ROOT_CLASS = YES_ERROR;
				CLANG_WARN_QUOTED_INCLUDE_IN_FRAMEWORK_HEADER = YES;
				CLANG_WARN_RANGE_LOOP_ANALYSIS = YES;
				CLANG_WARN_STRICT_PROTOTYPES = YES;
				CLANG_WARN_SUSPICIOUS_MOVE = YES;
				CLANG_WARN_UNGUARDED_AVAILABILITY = YES_AGGRESSIVE;
				CLANG_WARN_UNREACHABLE_CODE = YES;
				CLANG_WARN__DUPLICATE_METHOD_MATCH = YES;
				COPY_PHASE_STRIP = NO;
				DEBUG_INFORMATION_FORMAT = "dwarf-with-dsym";
				ENABLE_NS_ASSERTIONS = NO;
				ENABLE_STRICT_OBJC_MSGSEND = YES;
				GCC_C_LANGUAGE_STANDARD = gnu11;
				GCC_NO_COMMON_BLOCKS = YES;
				GCC_WARN_64_TO_32_BIT_CONVERSION = YES;
				GCC_WARN_ABOUT_RETURN_TYPE = YES_ERROR;
				GCC_WARN_UNDECLARED_SELECTOR = YES;
				GCC_WARN_UNINITIALIZED_AUTOS = YES_AGGRESSIVE;
				GCC_WARN_UNUSED_FUNCTION = YES;
				GCC_WARN_UNUSED_VARIABLE = YES;
				MACOSX_DEPLOYMENT_TARGET = 13.0;
				MTL_ENABLE_DEBUG_INFO = NO;
				MTL_FAST_MATH = YES;
				SDKROOT = macosx;
				SWIFT_COMPILATION_MODE = wholemodule;
				SWIFT_OPTIMIZATION_LEVEL = "-O";
			};
			name = Release;
		};
		5358127F2EFE47440004F54D /* Debug */ = {
			isa = XCBuildConfiguration;
			buildSettings = {
				ASSETCATALOG_COMPILER_APPICON_NAME = AppIcon;
				ASSETCATALOG_COMPILER_GLOBAL_ACCENT_COLOR_NAME = AccentColor;
				CODE_SIGN_ENTITLEMENTS = UnitTestDemo/UnitTestDemo.entitlements;
				CODE_SIGN_STYLE = Automatic;
				COMBINE_HIDPI_IMAGES = YES;
				CURRENT_PROJECT_VERSION = 1;
				DEVELOPMENT_ASSET_PATHS = "\"UnitTestDemo/Preview Content\"";
				ENABLE_PREVIEWS = YES;
				GENERATE_INFOPLIST_FILE = YES;
				INFOPLIST_KEY_NSHumanReadableCopyright = "";
				LD_RUNPATH_SEARCH_PATHS = (
					"$(inherited)",
					"@executable_path/../Frameworks",
				);
				MARKETING_VERSION = 1.0;
				PRODUCT_BUNDLE_IDENTIFIER = "FocusBear-Onboarding.UnitTestDemo";
				PRODUCT_NAME = "$(TARGET_NAME)";
				SWIFT_EMIT_LOC_STRINGS = YES;
				SWIFT_VERSION = 5.0;
			};
			name = Debug;
		};
		535812802EFE47440004F54D /* Release */ = {
			isa = XCBuildConfiguration;
			buildSettings = {
				ASSETCATALOG_COMPILER_APPICON_NAME = AppIcon;
				ASSETCATALOG_COMPILER_GLOBAL_ACCENT_COLOR_NAME = AccentColor;
				CODE_SIGN_ENTITLEMENTS = UnitTestDemo/UnitTestDemo.entitlements;
				CODE_SIGN_STYLE = Automatic;
				COMBINE_HIDPI_IMAGES = YES;
				CURRENT_PROJECT_VERSION = 1;
				DEVELOPMENT_ASSET_PATHS = "\"UnitTestDemo/Preview Content\"";
				ENABLE_PREVIEWS = YES;
				GENERATE_INFOPLIST_FILE = YES;
				INFOPLIST_KEY_NSHumanReadableCopyright = "";
				LD_RUNPATH_SEARCH_PATHS = (
					"$(inherited)",
					"@executable_path/../Frameworks",
				);
				MARKETING_VERSION = 1.0;
				PRODUCT_BUNDLE_IDENTIFIER = "FocusBear-Onboarding.UnitTestDemo";
				PRODUCT_NAME = "$(TARGET_NAME)";
				SWIFT_EMIT_LOC_STRINGS = YES;
				SWIFT_VERSION = 5.0;
			};
			name = Release;
		};
		535812822EFE47440004F54D /* Debug */ = {
			isa = XCBuildConfiguration;
			buildSettings = {
				ALWAYS_EMBED_SWIFT_STANDARD_LIBRARIES = YES;
				BUNDLE_LOADER = "$(TEST_HOST)";
				CODE_SIGN_STYLE = Automatic;
				CURRENT_PROJECT_VERSION = 1;
				GENERATE_INFOPLIST_FILE = YES;
				MACOSX_DEPLOYMENT_TARGET = 13.0;
				MARKETING_VERSION = 1.0;
				PRODUCT_BUNDLE_IDENTIFIER = "FocusBear-Onboarding.UnitTestDemoTests";
				PRODUCT_NAME = "$(TARGET_NAME)";
				SWIFT_EMIT_LOC_STRINGS = NO;
				SWIFT_VERSION = 5.0;
				TEST_HOST = "$(BUILT_PRODUCTS_DIR)/UnitTestDemo.app/$(BUNDLE_EXECUTABLE_FOLDER_PATH)/UnitTestDemo";
			};
			name = Debug;
		};
		535812832EFE47440004F54D /* Release */ = {
			isa = XCBuildConfiguration;
			buildSettings = {
				ALWAYS_EMBED_SWIFT_STANDARD_LIBRARIES = YES;
				BUNDLE_LOADER = "$(TEST_HOST)";
				CODE_SIGN_STYLE = Automatic;
				CURRENT_PROJECT_VERSION = 1;
				GENERATE_INFOPLIST_FILE = YES;
				MACOSX_DEPLOYMENT_TARGET = 13.0;
				MARKETING_VERSION = 1.0;
				PRODUCT_BUNDLE_IDENTIFIER = "FocusBear-Onboarding.UnitTestDemoTests";
				PRODUCT_NAME = "$(TARGET_NAME)";
				SWIFT_EMIT_LOC_STRINGS = NO;
				SWIFT_VERSION = 5.0;
				TEST_HOST = "$(BUILT_PRODUCTS_DIR)/UnitTestDemo.app/$(BUNDLE_EXECUTABLE_FOLDER_PATH)/UnitTestDemo";
			};
			name = Release;
		};
		535812852EFE47440004F54D /* Debug */ = {
			isa = XCBuildConfiguration;
			buildSettings = {
				ALWAYS_EMBED_SWIFT_STANDARD_LIBRARIES = YES;
				CODE_SIGN_STYLE = Automatic;
				CURRENT_PROJECT_VERSION = 1;
				GENERATE_INFOPLIST_FILE = YES;
				MARKETING_VERSION = 1.0;
				PRODUCT_BUNDLE_IDENTIFIER = "FocusBear-Onboarding.UnitTestDemoUITests";
				PRODUCT_NAME = "$(TARGET_NAME)";
				SWIFT_EMIT_LOC_STRINGS = NO;
				SWIFT_VERSION = 5.0;
				TEST_TARGET_NAME = UnitTestDemo;
			};
			name = Debug;
		};
		535812862EFE47440004F54D /* Release */ = {
			isa = XCBuildConfiguration;
			buildSettings = {
				ALWAYS_EMBED_SWIFT_STANDARD_LIBRARIES = YES;
				CODE_SIGN_STYLE = Automatic;
				CURRENT_PROJECT_VERSION = 1;
				GENERATE_INFOPLIST_FILE = YES;
				MARKETING_VERSION = 1.0;
				PRODUCT_BUNDLE_IDENTIFIER = "FocusBear-Onboarding.UnitTestDemoUITests";
				PRODUCT_NAME = "$(TARGET_NAME)";
				SWIFT_EMIT_LOC_STRINGS = NO;
				SWIFT_VERSION = 5.0;
				TEST_TARGET_NAME = UnitTestDemo;
			};
			name = Release;
		};
/* End XCBuildConfiguration section */

/* Begin XCConfigurationList section */
		535812542EFE47430004F54D /* Build configuration list for PBXProject "UnitTestDemo" */ = {
			isa = XCConfigurationList;
			buildConfigurations = (
				5358127C2EFE47440004F54D /* Debug */,
				5358127D2EFE47440004F54D /* Release */,
			);
			defaultConfigurationIsVisible = 0;
			defaultConfigurationName = Release;
		};
		5358127E2EFE47440004F54D /* Build configuration list for PBXNativeTarget "UnitTestDemo" */ = {
			isa = XCConfigurationList;
			buildConfigurations = (
				5358127F2EFE47440004F54D /* Debug */,
				535812802EFE47440004F54D /* Release */,
			);
			defaultConfigurationIsVisible = 0;
			defaultConfigurationName = Release;
		};
		535812812EFE47440004F54D /* Build configuration list for PBXNativeTarget "UnitTestDemoTests" */ = {
			isa = XCConfigurationList;
			buildConfigurations = (
				535812822EFE47440004F54D /* Debug */,
				535812832EFE47440004F54D /* Release */,
			);
			defaultConfigurationIsVisible = 0;
			defaultConfigurationName = Release;
		};
		535812842EFE47440004F54D /* Build configuration list for PBXNativeTarget "UnitTestDemoUITests" */ = {
			isa = XCConfigurationList;
			buildConfigurations = (
				535812852EFE47440004F54D /* Debug */,
				535812862EFE47440004F54D /* Release */,
			);
			defaultConfigurationIsVisible = 0;
			defaultConfigurationName = Release;
		};
/* End XCConfigurationList section */
	};
	rootObject = 535812512EFE47430004F54D /* Project object */;
}
