// !$*UTF8*$!
{
	archiveVersion = 1;
	classes = {
	};
	objectVersion = 56;
	objects = {

/* Begin PBXBuildFile section */
		537330C42EFE3B840067D135 /* HelloAppApp.swift in Sources */ = {isa = PBXBuildFile; fileRef = 537330C32EFE3B840067D135 /* HelloAppApp.swift */; };
		537330C62EFE3B840067D135 /* ContentView.swift in Sources */ = {isa = PBXBuildFile; fileRef = 537330C52EFE3B840067D135 /* ContentView.swift */; };
		537330C82EFE3B860067D135 /* Assets.xcassets in Resources */ = {isa = PBXBuildFile; fileRef = 537330C72EFE3B860067D135 /* Assets.xcassets */; };
		537330CB2EFE3B860067D135 /* Preview Assets.xcassets in Resources */ = {isa = PBXBuildFile; fileRef = 537330CA2EFE3B860067D135 /* Preview Assets.xcassets */; };
		537330D62EFE3B860067D135 /* HelloAppTests.swift in Sources */ = {isa = PBXBuildFile; fileRef = 537330D52EFE3B860067D135 /* HelloAppTests.swift */; };
		537330E02EFE3B860067D135 /* HelloAppUITests.swift in Sources */ = {isa = PBXBuildFile; fileRef = 537330DF2EFE3B860067D135 /* HelloAppUITests.swift */; };
		537330E22EFE3B860067D135 /* HelloAppUITestsLaunchTests.swift in Sources */ = {isa = PBXBuildFile; fileRef = 537330E12EFE3B860067D135 /* HelloAppUITestsLaunchTests.swift */; };
/* End PBXBuildFile section */

/* Begin PBXContainerItemProxy section */
		537330D22EFE3B860067D135 /* PBXContainerItemProxy */ = {
			isa = PBXContainerItemProxy;
			containerPortal = 537330B82EFE3B840067D135 /* Project object */;
			proxyType = 1;
			remoteGlobalIDString = 537330BF2EFE3B840067D135;
			remoteInfo = HelloApp;
		};
		537330DC2EFE3B860067D135 /* PBXContainerItemProxy */ = {
			isa = PBXContainerItemProxy;
			containerPortal = 537330B82EFE3B840067D135 /* Project object */;
			proxyType = 1;
			remoteGlobalIDString = 537330BF2EFE3B840067D135;
			remoteInfo = HelloApp;
		};
/* End PBXContainerItemProxy section */

/* Begin PBXFileReference section */
		537330C02EFE3B840067D135 /* HelloApp.app */ = {isa = PBXFileReference; explicitFileType = wrapper.application; includeInIndex = 0; path = HelloApp.app; sourceTree = BUILT_PRODUCTS_DIR; };
		537330C32EFE3B840067D135 /* HelloAppApp.swift */ = {isa = PBXFileReference; lastKnownFileType = sourcecode.swift; path = HelloAppApp.swift; sourceTree = "<group>"; };
		537330C52EFE3B840067D135 /* ContentView.swift */ = {isa = PBXFileReference; lastKnownFileType = sourcecode.swift; path = ContentView.swift; sourceTree = "<group>"; };
		537330C72EFE3B860067D135 /* Assets.xcassets */ = {isa = PBXFileReference; lastKnownFileType = folder.assetcatalog; path = Assets.xcassets; sourceTree = "<group>"; };
		537330CA2EFE3B860067D135 /* Preview Assets.xcassets */ = {isa = PBXFileReference; lastKnownFileType = folder.assetcatalog; path = "Preview Assets.xcassets"; sourceTree = "<group>"; };
		537330CC2EFE3B860067D135 /* HelloApp.entitlements */ = {isa = PBXFileReference; lastKnownFileType = text.plist.entitlements; path = HelloApp.entitlements; sourceTree = "<group>"; };
		537330D12EFE3B860067D135 /* HelloAppTests.xctest */ = {isa = PBXFileReference; explicitFileType = wrapper.cfbundle; includeInIndex = 0; path = HelloAppTests.xctest; sourceTree = BUILT_PRODUCTS_DIR; };
		537330D52EFE3B860067D135 /* HelloAppTests.swift */ = {isa = PBXFileReference; lastKnownFileType = sourcecode.swift; path = HelloAppTests.swift; sourceTree = "<group>"; };
		537330DB2EFE3B860067D135 /* HelloAppUITests.xctest */ = {isa = PBXFileReference; explicitFileType = wrapper.cfbundle; includeInIndex = 0; path = HelloAppUITests.xctest; sourceTree = BUILT_PRODUCTS_DIR; };
		537330DF2EFE3B860067D135 /* HelloAppUITests.swift */ = {isa = PBXFileReference; lastKnownFileType = sourcecode.swift; path = HelloAppUITests.swift; sourceTree = "<group>"; };
		537330E12EFE3B860067D135 /* HelloAppUITestsLaunchTests.swift */ = {isa = PBXFileReference; lastKnownFileType = sourcecode.swift; path = HelloAppUITestsLaunchTests.swift; sourceTree = "<group>"; };
/* End PBXFileReference section */

/* Begin PBXFrameworksBuildPhase section */
		537330BD2EFE3B840067D135 /* Frameworks */ = {
			isa = PBXFrameworksBuildPhase;
			buildActionMask = 2147483647;
			files = (
			);
			runOnlyForDeploymentPostprocessing = 0;
		};
		537330CE2EFE3B860067D135 /* Frameworks */ = {
			isa = PBXFrameworksBuildPhase;
			buildActionMask = 2147483647;
			files = (
			);
			runOnlyForDeploymentPostprocessing = 0;
		};
		537330D82EFE3B860067D135 /* Frameworks */ = {
			isa = PBXFrameworksBuildPhase;
			buildActionMask = 2147483647;
			files = (
			);
			runOnlyForDeploymentPostprocessing = 0;
		};
/* End PBXFrameworksBuildPhase section */

/* Begin PBXGroup section */
		537330B72EFE3B840067D135 = {
			isa = PBXGroup;
			children = (
				537330C22EFE3B840067D135 /* HelloApp */,
				537330D42EFE3B860067D135 /* HelloAppTests */,
				537330DE2EFE3B860067D135 /* HelloAppUITests */,
				537330C12EFE3B840067D135 /* Products */,
			);
			sourceTree = "<group>";
		};
		537330C12EFE3B840067D135 /* Products */ = {
			isa = PBXGroup;
			children = (
				537330C02EFE3B840067D135 /* HelloApp.app */,
				537330D12EFE3B860067D135 /* HelloAppTests.xctest */,
				537330DB2EFE3B860067D135 /* HelloAppUITests.xctest */,
			);
			name = Products;
			sourceTree = "<group>";
		};
		537330C22EFE3B840067D135 /* HelloApp */ = {
			isa = PBXGroup;
			children = (
				537330C32EFE3B840067D135 /* HelloAppApp.swift */,
				537330C52EFE3B840067D135 /* ContentView.swift */,
				537330C72EFE3B860067D135 /* Assets.xcassets */,
				537330CC2EFE3B860067D135 /* HelloApp.entitlements */,
				537330C92EFE3B860067D135 /* Preview Content */,
			);
			path = HelloApp;
			sourceTree = "<group>";
		};
		537330C92EFE3B860067D135 /* Preview Content */ = {
			isa = PBXGroup;
			children = (
				537330CA2EFE3B860067D135 /* Preview Assets.xcassets */,
			);
			path = "Preview Content";
			sourceTree = "<group>";
		};
		537330D42EFE3B860067D135 /* HelloAppTests */ = {
			isa = PBXGroup;
			children = (
				537330D52EFE3B860067D135 /* HelloAppTests.swift */,
			);
			path = HelloAppTests;
			sourceTree = "<group>";
		};
		537330DE2EFE3B860067D135 /* HelloAppUITests */ = {
			isa = PBXGroup;
			children = (
				537330DF2EFE3B860067D135 /* HelloAppUITests.swift */,
				537330E12EFE3B860067D135 /* HelloAppUITestsLaunchTests.swift */,
			);
			path = HelloAppUITests;
			sourceTree = "<group>";
		};
/* End PBXGroup section */

/* Begin PBXNativeTarget section */
		537330BF2EFE3B840067D135 /* HelloApp */ = {
			isa = PBXNativeTarget;
			buildConfigurationList = 537330E52EFE3B860067D135 /* Build configuration list for PBXNativeTarget "HelloApp" */;
			buildPhases = (
				537330BC2EFE3B840067D135 /* Sources */,
				537330BD2EFE3B840067D135 /* Frameworks */,
				537330BE2EFE3B840067D135 /* Resources */,
			);
			buildRules = (
			);
			dependencies = (
			);
			name = HelloApp;
			productName = HelloApp;
			productReference = 537330C02EFE3B840067D135 /* HelloApp.app */;
			productType = "com.apple.product-type.application";
		};
		537330D02EFE3B860067D135 /* HelloAppTests */ = {
			isa = PBXNativeTarget;
			buildConfigurationList = 537330E82EFE3B860067D135 /* Build configuration list for PBXNativeTarget "HelloAppTests" */;
			buildPhases = (
				537330CD2EFE3B860067D135 /* Sources */,
				537330CE2EFE3B860067D135 /* Frameworks */,
				537330CF2EFE3B860067D135 /* Resources */,
			);
			buildRules = (
			);
			dependencies = (
				537330D32EFE3B860067D135 /* PBXTargetDependency */,
			);
			name = HelloAppTests;
			productName = HelloAppTests;
			productReference = 537330D12EFE3B860067D135 /* HelloAppTests.xctest */;
			productType = "com.apple.product-type.bundle.unit-test";
		};
		537330DA2EFE3B860067D135 /* HelloAppUITests */ = {
			isa = PBXNativeTarget;
			buildConfigurationList = 537330EB2EFE3B860067D135 /* Build configuration list for PBXNativeTarget "HelloAppUITests" */;
			buildPhases = (
				537330D72EFE3B860067D135 /* Sources */,
				537330D82EFE3B860067D135 /* Frameworks */,
				537330D92EFE3B860067D135 /* Resources */,
			);
			buildRules = (
			);
			dependencies = (
				537330DD2EFE3B860067D135 /* PBXTargetDependency */,
			);
			name = HelloAppUITests;
			productName = HelloAppUITests;
			productReference = 537330DB2EFE3B860067D135 /* HelloAppUITests.xctest */;
			productType = "com.apple.product-type.bundle.ui-testing";
		};
/* End PBXNativeTarget section */

/* Begin PBXProject section */
		537330B82EFE3B840067D135 /* Project object */ = {
			isa = PBXProject;
			attributes = {
				BuildIndependentTargetsInParallel = 1;
				LastSwiftUpdateCheck = 1410;
				LastUpgradeCheck = 1410;
				TargetAttributes = {
					537330BF2EFE3B840067D135 = {
						CreatedOnToolsVersion = 14.1;
					};
					537330D02EFE3B860067D135 = {
						CreatedOnToolsVersion = 14.1;
						TestTargetID = 537330BF2EFE3B840067D135;
					};
					537330DA2EFE3B860067D135 = {
						CreatedOnToolsVersion = 14.1;
						TestTargetID = 537330BF2EFE3B840067D135;
					};
				};
			};
			buildConfigurationList = 537330BB2EFE3B840067D135 /* Build configuration list for PBXProject "HelloApp" */;
			compatibilityVersion = "Xcode 14.0";
			developmentRegion = en;
			hasScannedForEncodings = 0;
			knownRegions = (
				en,
				Base,
			);
			mainGroup = 537330B72EFE3B840067D135;
			productRefGroup = 537330C12EFE3B840067D135 /* Products */;
			projectDirPath = "";
			projectRoot = "";
			targets = (
				537330BF2EFE3B840067D135 /* HelloApp */,
				537330D02EFE3B860067D135 /* HelloAppTests */,
				537330DA2EFE3B860067D135 /* HelloAppUITests */,
			);
		};
/* End PBXProject section */

/* Begin PBXResourcesBuildPhase section */
		537330BE2EFE3B840067D135 /* Resources */ = {
			isa = PBXResourcesBuildPhase;
			buildActionMask = 2147483647;
			files = (
				537330CB2EFE3B860067D135 /* Preview Assets.xcassets in Resources */,
				537330C82EFE3B860067D135 /* Assets.xcassets in Resources */,
			);
			runOnlyForDeploymentPostprocessing = 0;
		};
		537330CF2EFE3B860067D135 /* Resources */ = {
			isa = PBXResourcesBuildPhase;
			buildActionMask = 2147483647;
			files = (
			);
			runOnlyForDeploymentPostprocessing = 0;
		};
		537330D92EFE3B860067D135 /* Resources */ = {
			isa = PBXResourcesBuildPhase;
			buildActionMask = 2147483647;
			files = (
			);
			runOnlyForDeploymentPostprocessing = 0;
		};
/* End PBXResourcesBuildPhase section */

/* Begin PBXSourcesBuildPhase section */
		537330BC2EFE3B840067D135 /* Sources */ = {
			isa = PBXSourcesBuildPhase;
			buildActionMask = 2147483647;
			files = (
				537330C62EFE3B840067D135 /* ContentView.swift in Sources */,
				537330C42EFE3B840067D135 /* HelloAppApp.swift in Sources */,
			);
			runOnlyForDeploymentPostprocessing = 0;
		};
		537330CD2EFE3B860067D135 /* Sources */ = {
			isa = PBXSourcesBuildPhase;
			buildActionMask = 2147483647;
			files = (
				537330D62EFE3B860067D135 /* HelloAppTests.swift in Sources */,
			);
			runOnlyForDeploymentPostprocessing = 0;
		};
		537330D72EFE3B860067D135 /* Sources */ = {
			isa = PBXSourcesBuildPhase;
			buildActionMask = 2147483647;
			files = (
				537330E22EFE3B860067D135 /* HelloAppUITestsLaunchTests.swift in Sources */,
				537330E02EFE3B860067D135 /* HelloAppUITests.swift in Sources */,
			);
			runOnlyForDeploymentPostprocessing = 0;
		};
/* End PBXSourcesBuildPhase section */

/* Begin PBXTargetDependency section */
		537330D32EFE3B860067D135 /* PBXTargetDependency */ = {
			isa = PBXTargetDependency;
			target = 537330BF2EFE3B840067D135 /* HelloApp */;
			targetProxy = 537330D22EFE3B860067D135 /* PBXContainerItemProxy */;
		};
		537330DD2EFE3B860067D135 /* PBXTargetDependency */ = {
			isa = PBXTargetDependency;
			target = 537330BF2EFE3B840067D135 /* HelloApp */;
			targetProxy = 537330DC2EFE3B860067D135 /* PBXContainerItemProxy */;
		};
/* End PBXTargetDependency section */

/* Begin XCBuildConfiguration section */
		537330E32EFE3B860067D135 /* Debug */ = {
			isa = XCBuildConfiguration;
			buildSettings = {
				ALWAYS_SEARCH_USER_PATHS = NO;
				CLANG_ANALYZER_NONNULL = YES;
				CLANG_ANALYZER_NUMBER_OBJECT_CONVERSION = YES_AGGRESSIVE;
				CLANG_CXX_LANGUAGE_STANDARD = "gnu++20";
				CLANG_ENABLE_MODULES = YES;
				CLANG_ENABLE_OBJC_ARC = YES;
				CLANG_ENABLE_OBJC_WEAK = YES;
				CLANG_WARN_BLOCK_CAPTURE_AUTORELEASING = YES;
				CLANG_WARN_BOOL_CONVERSION = YES;
				CLANG_WARN_COMMA = YES;
				CLANG_WARN_CONSTANT_CONVERSION = YES;
				CLANG_WARN_DEPRECATED_OBJC_IMPLEMENTATIONS = YES;
				CLANG_WARN_DIRECT_OBJC_ISA_USAGE = YES_ERROR;
				CLANG_WARN_DOCUMENTATION_COMMENTS = YES;
				CLANG_WARN_EMPTY_BODY = YES;
				CLANG_WARN_ENUM_CONVERSION = YES;
				CLANG_WARN_INFINITE_RECURSION = YES;
				CLANG_WARN_INT_CONVERSION = YES;
				CLANG_WARN_NON_LITERAL_NULL_CONVERSION = YES;
				CLANG_WARN_OBJC_IMPLICIT_RETAIN_SELF = YES;
				CLANG_WARN_OBJC_LITERAL_CONVERSION = YES;
				CLANG_WARN_OBJC_ROOT_CLASS = YES_ERROR;
				CLANG_WARN_QUOTED_INCLUDE_IN_FRAMEWORK_HEADER = YES;
				CLANG_WARN_RANGE_LOOP_ANALYSIS = YES;
				CLANG_WARN_STRICT_PROTOTYPES = YES;
				CLANG_WARN_SUSPICIOUS_MOVE = YES;
				CLANG_WARN_UNGUARDED_AVAILABILITY = YES_AGGRESSIVE;
				CLANG_WARN_UNREACHABLE_CODE = YES;
				CLANG_WARN__DUPLICATE_METHOD_MATCH = YES;
				COPY_PHASE_STRIP = NO;
				DEBUG_INFORMATION_FORMAT = dwarf;
				ENABLE_STRICT_OBJC_MSGSEND = YES;
				ENABLE_TESTABILITY = YES;
				GCC_C_LANGUAGE_STANDARD = gnu11;
				GCC_DYNAMIC_NO_PIC = NO;
				GCC_NO_COMMON_BLOCKS = YES;
				GCC_OPTIMIZATION_LEVEL = 0;
				GCC_PREPROCESSOR_DEFINITIONS = (
					"DEBUG=1",
					"$(inherited)",
				);
				GCC_WARN_64_TO_32_BIT_CONVERSION = YES;
				GCC_WARN_ABOUT_RETURN_TYPE = YES_ERROR;
				GCC_WARN_UNDECLARED_SELECTOR = YES;
				GCC_WARN_UNINITIALIZED_AUTOS = YES_AGGRESSIVE;
				GCC_WARN_UNUSED_FUNCTION = YES;
				GCC_WARN_UNUSED_VARIABLE = YES;
				MACOSX_DEPLOYMENT_TARGET = 13.0;
				MTL_ENABLE_DEBUG_INFO = INCLUDE_SOURCE;
				MTL_FAST_MATH = YES;
				ONLY_ACTIVE_ARCH = YES;
				SDKROOT = macosx;
				SWIFT_ACTIVE_COMPILATION_CONDITIONS = DEBUG;
				SWIFT_OPTIMIZATION_LEVEL = "-Onone";
			};
			name = Debug;
		};
		537330E42EFE3B860067D135 /* Release */ = {
			isa = XCBuildConfiguration;
			buildSettings = {
				ALWAYS_SEARCH_USER_PATHS = NO;
				CLANG_ANALYZER_NONNULL = YES;
				CLANG_ANALYZER_NUMBER_OBJECT_CONVERSION = YES_AGGRESSIVE;
				CLANG_CXX_LANGUAGE_STANDARD = "gnu++20";
				CLANG_ENABLE_MODULES = YES;
				CLANG_ENABLE_OBJC_ARC = YES;
				CLANG_ENABLE_OBJC_WEAK = YES;
				CLANG_WARN_BLOCK_CAPTURE_AUTORELEASING = YES;
				CLANG_WARN_BOOL_CONVERSION = YES;
				CLANG_WARN_COMMA = YES;
				CLANG_WARN_CONSTANT_CONVERSION = YES;
				CLANG_WARN_DEPRECATED_OBJC_IMPLEMENTATIONS = YES;
				CLANG_WARN_DIRECT_OBJC_ISA_USAGE = YES_ERROR;
				CLANG_WARN_DOCUMENTATION_COMMENTS = YES;
				CLANG_WARN_EMPTY_BODY = YES;
				CLANG_WARN_ENUM_CONVERSION = YES;
				CLANG_WARN_INFINITE_RECURSION = YES;
				CLANG_WARN_INT_CONVERSION = YES;
				CLANG_WARN_NON_LITERAL_NULL_CONVERSION = YES;
				CLANG_WARN_OBJC_IMPLICIT_RETAIN_SELF = YES;
				CLANG_WARN_OBJC_LITERAL_CONVERSION = YES;
				CLANG_WARN_OBJC_ROOT_CLASS = YES_ERROR;
				CLANG_WARN_QUOTED_INCLUDE_IN_FRAMEWORK_HEADER = YES;
				CLANG_WARN_RANGE_LOOP_ANALYSIS = YES;
				CLANG_WARN_STRICT_PROTOTYPES = YES;
				CLANG_WARN_SUSPICIOUS_MOVE = YES;
				CLANG_WARN_UNGUARDED_AVAILABILITY = YES_AGGRESSIVE;
				CLANG_WARN_UNREACHABLE_CODE = YES;
				CLANG_WARN__DUPLICATE_METHOD_MATCH = YES;
				COPY_PHASE_STRIP = NO;
				DEBUG_INFORMATION_FORMAT = "dwarf-with-dsym";
				ENABLE_NS_ASSERTIONS = NO;
				ENABLE_STRICT_OBJC_MSGSEND = YES;
				GCC_C_LANGUAGE_STANDARD = gnu11;
				GCC_NO_COMMON_BLOCKS = YES;
				GCC_WARN_64_TO_32_BIT_CONVERSION = YES;
				GCC_WARN_ABOUT_RETURN_TYPE = YES_ERROR;
				GCC_WARN_UNDECLARED_SELECTOR = YES;
				GCC_WARN_UNINITIALIZED_AUTOS = YES_AGGRESSIVE;
				GCC_WARN_UNUSED_FUNCTION = YES;
				GCC_WARN_UNUSED_VARIABLE = YES;
				MACOSX_DEPLOYMENT_TARGET = 13.0;
				MTL_ENABLE_DEBUG_INFO = NO;
				MTL_FAST_MATH = YES;
				SDKROOT = macosx;
				SWIFT_COMPILATION_MODE = wholemodule;
				SWIFT_OPTIMIZATION_LEVEL = "-O";
			};
			name = Release;
		};
		537330E62EFE3B860067D135 /* Debug */ = {
			isa = XCBuildConfiguration;
			buildSettings = {
				ASSETCATALOG_COMPILER_APPICON_NAME = AppIcon;
				ASSETCATALOG_COMPILER_GLOBAL_ACCENT_COLOR_NAME = AccentColor;
				CODE_SIGN_ENTITLEMENTS = HelloApp/HelloApp.entitlements;
				CODE_SIGN_STYLE = Automatic;
				COMBINE_HIDPI_IMAGES = YES;
				CURRENT_PROJECT_VERSION = 1;
				DEVELOPMENT_ASSET_PATHS = "\"HelloApp/Preview Content\"";
				ENABLE_PREVIEWS = YES;
				GENERATE_INFOPLIST_FILE = YES;
				INFOPLIST_KEY_NSHumanReadableCopyright = "";
				LD_RUNPATH_SEARCH_PATHS = (
					"$(inherited)",
					"@executable_path/../Frameworks",
				);
				MARKETING_VERSION = 1.0;
				PRODUCT_BUNDLE_IDENTIFIER = "FocusBear-Onboarding.HelloApp";
				PRODUCT_NAME = "$(TARGET_NAME)";
				SWIFT_EMIT_LOC_STRINGS = YES;
				SWIFT_VERSION = 5.0;
			};
			name = Debug;
		};
		537330E72EFE3B860067D135 /* Release */ = {
			isa = XCBuildConfiguration;
			buildSettings = {
				ASSETCATALOG_COMPILER_APPICON_NAME = AppIcon;
				ASSETCATALOG_COMPILER_GLOBAL_ACCENT_COLOR_NAME = AccentColor;
				CODE_SIGN_ENTITLEMENTS = HelloApp/HelloApp.entitlements;
				CODE_SIGN_STYLE = Automatic;
				COMBINE_HIDPI_IMAGES = YES;
				CURRENT_PROJECT_VERSION = 1;
				DEVELOPMENT_ASSET_PATHS = "\"HelloApp/Preview Content\"";
				ENABLE_PREVIEWS = YES;
				GENERATE_INFOPLIST_FILE = YES;
				INFOPLIST_KEY_NSHumanReadableCopyright = "";
				LD_RUNPATH_SEARCH_PATHS = (
					"$(inherited)",
					"@executable_path/../Frameworks",
				);
				MARKETING_VERSION = 1.0;
				PRODUCT_BUNDLE_IDENTIFIER = "FocusBear-Onboarding.HelloApp";
				PRODUCT_NAME = "$(TARGET_NAME)";
				SWIFT_EMIT_LOC_STRINGS = YES;
				SWIFT_VERSION = 5.0;
			};
			name = Release;
		};
		537330E92EFE3B860067D135 /* Debug */ = {
			isa = XCBuildConfiguration;
			buildSettings = {
				ALWAYS_EMBED_SWIFT_STANDARD_LIBRARIES = YES;
				BUNDLE_LOADER = "$(TEST_HOST)";
				CODE_SIGN_STYLE = Automatic;
				CURRENT_PROJECT_VERSION = 1;
				GENERATE_INFOPLIST_FILE = YES;
				MACOSX_DEPLOYMENT_TARGET = 13.0;
				MARKETING_VERSION = 1.0;
				PRODUCT_BUNDLE_IDENTIFIER = "FocusBear-Onboarding.HelloAppTests";
				PRODUCT_NAME = "$(TARGET_NAME)";
				SWIFT_EMIT_LOC_STRINGS = NO;
				SWIFT_VERSION = 5.0;
				TEST_HOST = "$(BUILT_PRODUCTS_DIR)/HelloApp.app/$(BUNDLE_EXECUTABLE_FOLDER_PATH)/HelloApp";
			};
			name = Debug;
		};
		537330EA2EFE3B860067D135 /* Release */ = {
			isa = XCBuildConfiguration;
			buildSettings = {
				ALWAYS_EMBED_SWIFT_STANDARD_LIBRARIES = YES;
				BUNDLE_LOADER = "$(TEST_HOST)";
				CODE_SIGN_STYLE = Automatic;
				CURRENT_PROJECT_VERSION = 1;
				GENERATE_INFOPLIST_FILE = YES;
				MACOSX_DEPLOYMENT_TARGET = 13.0;
				MARKETING_VERSION = 1.0;
				PRODUCT_BUNDLE_IDENTIFIER = "FocusBear-Onboarding.HelloAppTests";
				PRODUCT_NAME = "$(TARGET_NAME)";
				SWIFT_EMIT_LOC_STRINGS = NO;
				SWIFT_VERSION = 5.0;
				TEST_HOST = "$(BUILT_PRODUCTS_DIR)/HelloApp.app/$(BUNDLE_EXECUTABLE_FOLDER_PATH)/HelloApp";
			};
			name = Release;
		};
		537330EC2EFE3B860067D135 /* Debug */ = {
			isa = XCBuildConfiguration;
			buildSettings = {
				ALWAYS_EMBED_SWIFT_STANDARD_LIBRARIES = YES;
				CODE_SIGN_STYLE = Automatic;
				CURRENT_PROJECT_VERSION = 1;
				GENERATE_INFOPLIST_FILE = YES;
				MARKETING_VERSION = 1.0;
				PRODUCT_BUNDLE_IDENTIFIER = "FocusBear-Onboarding.HelloAppUITests";
				PRODUCT_NAME = "$(TARGET_NAME)";
				SWIFT_EMIT_LOC_STRINGS = NO;
				SWIFT_VERSION = 5.0;
				TEST_TARGET_NAME = HelloApp;
			};
			name = Debug;
		};
		537330ED2EFE3B860067D135 /* Release */ = {
			isa = XCBuildConfiguration;
			buildSettings = {
				ALWAYS_EMBED_SWIFT_STANDARD_LIBRARIES = YES;
				CODE_SIGN_STYLE = Automatic;
				CURRENT_PROJECT_VERSION = 1;
				GENERATE_INFOPLIST_FILE = YES;
				MARKETING_VERSION = 1.0;
				PRODUCT_BUNDLE_IDENTIFIER = "FocusBear-Onboarding.HelloAppUITests";
				PRODUCT_NAME = "$(TARGET_NAME)";
				SWIFT_EMIT_LOC_STRINGS = NO;
				SWIFT_VERSION = 5.0;
				TEST_TARGET_NAME = HelloApp;
			};
			name = Release;
		};
/* End XCBuildConfiguration section */

/* Begin XCConfigurationList section */
		537330BB2EFE3B840067D135 /* Build configuration list for PBXProject "HelloApp" */ = {
			isa = XCConfigurationList;
			buildConfigurations = (
				537330E32EFE3B860067D135 /* Debug */,
				537330E42EFE3B860067D135 /* Release */,
			);
			defaultConfigurationIsVisible = 0;
			defaultConfigurationName = Release;
		};
		537330E52EFE3B860067D135 /* Build configuration list for PBXNativeTarget "HelloApp" */ = {
			isa = XCConfigurationList;
			buildConfigurations = (
				537330E62EFE3B860067D135 /* Debug */,
				537330E72EFE3B860067D135 /* Release */,
			);
			defaultConfigurationIsVisible = 0;
			defaultConfigurationName = Release;
		};
		537330E82EFE3B860067D135 /* Build configuration list for PBXNativeTarget "HelloAppTests" */ = {
			isa = XCConfigurationList;
			buildConfigurations = (
				537330E92EFE3B860067D135 /* Debug */,
				537330EA2EFE3B860067D135 /* Release */,
			);
			defaultConfigurationIsVisible = 0;
			defaultConfigurationName = Release;
		};
		537330EB2EFE3B860067D135 /* Build configuration list for PBXNativeTarget "HelloAppUITests" */ = {
			isa = XCConfigurationList;
			buildConfigurations = (
				537330EC2EFE3B860067D135 /* Debug */,
				537330ED2EFE3B860067D135 /* Release */,
			);
			defaultConfigurationIsVisible = 0;
			defaultConfigurationName = Release;
		};
/* End XCConfigurationList section */
	};
	rootObject = 537330B82EFE3B840067D135 /* Project object */;
}
